
Microsoft Visual Studio Solution File, Format Version 11.00
# Visual Studio 2010
Project("{FAE04EC0-301F-11D3-BF4B-00C04F79EFBC}") = "DK.WebCheck.Web", "DK.WebCheck.Web\DK.WebCheck.Web.csproj", "{3FF0A897-7BA0-4617-8337-D3C8AFFFE529}"
EndProject
Project("{FAE04EC0-301F-11D3-BF4B-00C04F79EFBC}") = "DK.WebCheck.Common", "DK.WebCheck.Common\DK.WebCheck.Common.csproj", "{A94D7057-AB1D-40E8-9691-738274115776}"
EndProject
Project("{FAE04EC0-301F-11D3-BF4B-00C04F79EFBC}") = "DK.WebCheck.Service", "DK.WebCheck.Service\DK.WebCheck.Service.csproj", "{E16BFC55-6293-49FD-ABFE-89590351BBCB}"
EndProject
Global
	GlobalSection(SolutionConfigurationPlatforms) = preSolution
		Debug|Any CPU = Debug|Any CPU
		Debug|Mixed Platforms = Debug|Mixed Platforms
		Debug|x86 = Debug|x86
		Release|Any CPU = Release|Any CPU
		Release|Mixed Platforms = Release|Mixed Platforms
		Release|x86 = Release|x86
	EndGlobalSection
	GlobalSection(ProjectConfigurationPlatforms) = postSolution
		{3FF0A897-7BA0-4617-8337-D3C8AFFFE529}.Debug|Any CPU.ActiveCfg = Debug|Any CPU
		{3FF0A897-7BA0-4617-8337-D3C8AFFFE529}.Debug|Any CPU.Build.0 = Debug|Any CPU
		{3FF0A897-7BA0-4617-8337-D3C8AFFFE529}.Debug|Mixed Platforms.ActiveCfg = Debug|Any CPU
		{3FF0A897-7BA0-4617-8337-D3C8AFFFE529}.Debug|Mixed Platforms.Build.0 = Debug|Any CPU
		{3FF0A897-7BA0-4617-8337-D3C8AFFFE529}.Debug|x86.ActiveCfg = Debug|Any CPU
		{3FF0A897-7BA0-4617-8337-D3C8AFFFE529}.Release|Any CPU.ActiveCfg = Release|Any CPU
		{3FF0A897-7BA0-4617-8337-D3C8AFFFE529}.Release|Any CPU.Build.0 = Release|Any CPU
		{3FF0A897-7BA0-4617-8337-D3C8AFFFE529}.Release|Mixed Platforms.ActiveCfg = Release|Any CPU
		{3FF0A897-7BA0-4617-8337-D3C8AFFFE529}.Release|Mixed Platforms.Build.0 = Release|Any CPU
		{3FF0A897-7BA0-4617-8337-D3C8AFFFE529}.Release|x86.ActiveCfg = Release|Any CPU
		{A94D7057-AB1D-40E8-9691-738274115776}.Debug|Any CPU.ActiveCfg = Debug|Any CPU
		{A94D7057-AB1D-40E8-9691-738274115776}.Debug|Any CPU.Build.0 = Debug|Any CPU
		{A94D7057-AB1D-40E8-9691-738274115776}.Debug|Mixed Platforms.ActiveCfg = Debug|Any CPU
		{A94D7057-AB1D-40E8-9691-738274115776}.Debug|Mixed Platforms.Build.0 = Debug|Any CPU
		{A94D7057-AB1D-40E8-9691-738274115776}.Debug|x86.ActiveCfg = Debug|Any CPU
		{A94D7057-AB1D-40E8-9691-738274115776}.Release|Any CPU.ActiveCfg = Release|Any CPU
		{A94D7057-AB1D-40E8-9691-738274115776}.Release|Any CPU.Build.0 = Release|Any CPU
		{A94D7057-AB1D-40E8-9691-738274115776}.Release|Mixed Platforms.ActiveCfg = Release|Any CPU
		{A94D7057-AB1D-40E8-9691-738274115776}.Release|Mixed Platforms.Build.0 = Release|Any CPU
		{A94D7057-AB1D-40E8-9691-738274115776}.Release|x86.ActiveCfg = Release|Any CPU
		{E16BFC55-6293-49FD-ABFE-89590351BBCB}.Debug|Any CPU.ActiveCfg = Debug|x86
		{E16BFC55-6293-49FD-ABFE-89590351BBCB}.Debug|Mixed Platforms.ActiveCfg = Debug|x86
		{E16BFC55-6293-49FD-ABFE-89590351BBCB}.Debug|Mixed Platforms.Build.0 = Debug|x86
		{E16BFC55-6293-49FD-ABFE-89590351BBCB}.Debug|x86.ActiveCfg = Debug|x86
		{E16BFC55-6293-49FD-ABFE-89590351BBCB}.Debug|x86.Build.0 = Debug|x86
		{E16BFC55-6293-49FD-ABFE-89590351BBCB}.Release|Any CPU.ActiveCfg = Release|x86
		{E16BFC55-6293-49FD-ABFE-89590351BBCB}.Release|Mixed Platforms.ActiveCfg = Release|x86
		{E16BFC55-6293-49FD-ABFE-89590351BBCB}.Release|Mixed Platforms.Build.0 = Release|x86
		{E16BFC55-6293-49FD-ABFE-89590351BBCB}.Release|x86.ActiveCfg = Release|x86
		{E16BFC55-6293-49FD-ABFE-89590351BBCB}.Release|x86.Build.0 = Release|x86
	EndGlobalSection
	GlobalSection(SolutionProperties) = preSolution
		HideSolutionNode = FALSE
	EndGlobalSection
EndGlobal
